
Microsoft Visual Studio Solution File, Format Version 12.00
# Visual Studio Version 16
VisualStudioVersion = 16.0.28917.181
MinimumVisualStudioVersion = 10.0.40219.1
Project("{FAE04EC0-301F-11D3-BF4B-00C04F79EFBC}") = "pdfTools", "pdfTools.csproj", "{E621103F-CB6C-4663-8D5A-F922D6A3C7D6}"
EndProject
Global
	GlobalSection(SolutionConfigurationPlatforms) = preSolution
		Debug|Any CPU = Debug|Any CPU
		Release|Any CPU = Release|Any CPU
	EndGlobalSection
	GlobalSection(ProjectConfigurationPlatforms) = postSolution
		{E621103F-CB6C-4663-8D5A-F922D6A3C7D6}.Debug|Any CPU.ActiveCfg = Debug|Any CPU
		{E621103F-CB6C-4663-8D5A-F922D6A3C7D6}.Debug|Any CPU.Build.0 = Debug|Any CPU
		{E621103F-CB6C-4663-8D5A-F922D6A3C7D6}.Release|Any CPU.ActiveCfg = Release|Any CPU
		{E621103F-CB6C-4663-8D5A-F922D6A3C7D6}.Release|Any CPU.Build.0 = Release|Any CPU
	EndGlobalSection
	GlobalSection(SolutionProperties) = preSolution
		HideSolutionNode = FALSE
	EndGlobalSection
	GlobalSection(ExtensibilityGlobals) = postSolution
		SolutionGuid = {43B63C66-B3BD-44BE-839A-C4C0A8C1F216}
	EndGlobalSection
EndGlobal
